
Microsoft Visual Studio Solution File, Format Version 12.00
# Visual Studio Version 17
VisualStudioVersion = 17.4.33122.133
MinimumVisualStudioVersion = 10.0.40219.1
Project("{FAE04EC0-301F-11D3-BF4B-00C04F79EFBC}") = "Swagger", "Swagger\Swagger.csproj", "{1FB9BE9A-1C50-4E1A-8692-9E89A43CFD37}"
EndProject
Project("{FAE04EC0-301F-11D3-BF4B-00C04F79EFBC}") = "BD_Swagger", "BD_Swagger\BD_Swagger.csproj", "{9FDD3F9F-192E-408C-9D40-EEDF82365BB5}"
EndProject
Global
	GlobalSection(SolutionConfigurationPlatforms) = preSolution
		Debug|Any CPU = Debug|Any CPU
		Release|Any CPU = Release|Any CPU
	EndGlobalSection
	GlobalSection(ProjectConfigurationPlatforms) = postSolution
		{1FB9BE9A-1C50-4E1A-8692-9E89A43CFD37}.Debug|Any CPU.ActiveCfg = Debug|Any CPU
		{1FB9BE9A-1C50-4E1A-8692-9E89A43CFD37}.Debug|Any CPU.Build.0 = Debug|Any CPU
		{1FB9BE9A-1C50-4E1A-8692-9E89A43CFD37}.Release|Any CPU.ActiveCfg = Release|Any CPU
		{1FB9BE9A-1C50-4E1A-8692-9E89A43CFD37}.Release|Any CPU.Build.0 = Release|Any CPU
		{9FDD3F9F-192E-408C-9D40-EEDF82365BB5}.Debug|Any CPU.ActiveCfg = Debug|Any CPU
		{9FDD3F9F-192E-408C-9D40-EEDF82365BB5}.Debug|Any CPU.Build.0 = Debug|Any CPU
		{9FDD3F9F-192E-408C-9D40-EEDF82365BB5}.Release|Any CPU.ActiveCfg = Release|Any CPU
		{9FDD3F9F-192E-408C-9D40-EEDF82365BB5}.Release|Any CPU.Build.0 = Release|Any CPU
	EndGlobalSection
	GlobalSection(SolutionProperties) = preSolution
		HideSolutionNode = FALSE
	EndGlobalSection
	GlobalSection(ExtensibilityGlobals) = postSolution
		SolutionGuid = {FC60B688-0B3E-4471-B74B-2A36E20ED4D7}
	EndGlobalSection
EndGlobal
